{
  "version": 4,
  "terraform_version": "1.0.11",
  "serial": 59,
  "lineage": "6e3a0a2f-a0cf-dc53-e9c0-f6323c2f2fe6",
  "outputs": {
    "instance_ip": {
      "value": [
        "192.168.100.0",
        "192.168.100.1",
        "192.168.100.2",
        "192.168.100.3",
        "192.168.100.4",
        "192.168.100.5",
        "192.168.100.6",
        "192.168.100.7"
      ],
      "type": [
        "tuple",
        [
          "string",
          "string",
          "string",
          "string",
          "string",
          "string",
          "string",
          "string"
        ]
      ]
    }
  },
  "resources": [
    {
      "mode": "managed",
      "type": "local_file",
      "name": "ansible_inventory",
      "provider": "provider[\"registry.terraform.io/hashicorp/local\"]",
      "instances": [
        {
          "schema_version": 0,
          "attributes": {
            "content": "[cluster]\n192.168.100.0\n192.168.100.1\n192.168.100.2\n192.168.100.3\n192.168.100.4\n192.168.100.5\n192.168.100.6\n192.168.100.7",
            "content_base64": null,
            "directory_permission": "0777",
            "file_permission": "0777",
            "filename": "hosts.yaml",
            "id": "f9ab37855f2e2cd5128f913b6a41c887c77e56e6",
            "sensitive_content": null,
            "source": null
          },
          "sensitive_attributes": [],
          "private": "bnVsbA==",
          "dependencies": [
            "proxmox_vm_qemu.c1-node"
          ]
        }
      ]
    },
    {
      "mode": "managed",
      "type": "proxmox_vm_qemu",
      "name": "c1-node",
      "provider": "provider[\"registry.terraform.io/telmate/proxmox\"]",
      "instances": [
        {
          "index_key": 0,
          "schema_version": 0,
          "attributes": {
            "additional_wait": 0,
            "agent": 1,
            "args": "",
            "balloon": 0,
            "bios": "seabios",
            "boot": "c",
            "bootdisk": "scsi0",
            "bridge": "",
            "ci_wait": null,
            "cicustom": "user=local:snippets/user_data_cloud_init_deb10_vm-01.yml",
            "cipassword": "",
            "ciuser": "ansible",
            "clone": "VM 9000",
            "clone_wait": 0,
            "cloudinit_cdrom_storage": null,
            "cores": 1,
            "cpu": "host",
            "default_ipv4_address": "192.168.100.0",
            "define_connection_info": true,
            "desc": "",
            "disk": [
              {
                "backup": 0,
                "cache": "none",
                "discard": "",
                "file": "vm-103-disk-0",
                "format": "",
                "iothread": 0,
                "mbps": 0,
                "mbps_rd": 0,
                "mbps_rd_max": 0,
                "mbps_wr": 0,
                "mbps_wr_max": 0,
                "media": "",
                "replicate": 0,
                "size": "9420M",
                "slot": 0,
                "ssd": 0,
                "storage": "local-lvm",
                "storage_type": "lvmthin",
                "type": "scsi",
                "volume": "local-lvm:vm-103-disk-0"
              }
            ],
            "disk_gb": 0,
            "force_create": false,
            "force_recreate_on_change_of": null,
            "full_clone": true,
            "guest_agent_ready_timeout": 100,
            "hagroup": "",
            "hastate": "",
            "hotplug": "network,disk,usb",
            "id": "proxmox/qemu/103",
            "ipconfig0": "ip=192.168.100.0/16,gw=192.168.1.1",
            "ipconfig1": "",
            "ipconfig2": "",
            "ipconfig3": "",
            "ipconfig4": "",
            "ipconfig5": "",
            "iso": null,
            "kvm": true,
            "mac": "",
            "memory": 2048,
            "name": "n0",
            "nameserver": "",
            "network": [
              {
                "bridge": "vmbr1",
                "firewall": false,
                "link_down": false,
                "macaddr": "EA:B9:90:15:40:2E",
                "model": "virtio",
                "queues": 0,
                "rate": 0,
                "tag": -1
              }
            ],
            "nic": "",
            "numa": false,
            "onboot": false,
            "oncreate": true,
            "os_network_config": null,
            "os_type": "cloud-init",
            "pool": "",
            "preprovision": true,
            "qemu_os": "other",
            "reboot_required": false,
            "scsihw": "virtio-scsi-pci",
            "searchdomain": "",
            "serial": [],
            "sockets": 1,
            "ssh_forward_ip": null,
            "ssh_host": "192.168.100.0",
            "ssh_port": "22",
            "ssh_private_key": null,
            "ssh_user": null,
            "sshkeys": "ssh-rsa AAAAB3NzaC1yc2EAAAADAQABAAABgQCulL4Ynz3XRt6n86iRhS8aOhk+BeqhetouE1vhpk2FIHgAtePEO2Tg2qnqDt2Z0l8dFwqqADDuyJFp0PIufuwwZIrG9LVlSlhnDNvFZFxqVJkR39027HaFg+r0Ul7WDOz9e2oJ6Rly1YxvfPoPjPBA2dgGtT/FVbzR7qOblSSSwB1Gkz6QJamNYPFBFRRiaR+eJrZzKXzigUG6+8GeaOBusiFD0gVWjh9fsKCj08zJFHfh6KPzVgO0ezeK4FxqZQfh7ebIV4JglH2O3JSystyaVnTkin5JDyrOtLN/3feidyUDMd0KtoKNNTTPvG9NReRvaya3ITH09k0re8UcXoUX7lfcxYVvrLNxsqVVkQaOx/9koReNJJCDQxM4awZrQ8OLQfFDfXW8Kf/SH+X3kvIbJSHzdVJ6J1SD4f9w/bC0Yt3MEG7DpDJLlUQbULRMma+sHLlO29AY38Hs01ic5E+cPkhEzBVQi2aEqUohK2JDgsbuOIAKAcWjTGwZ+1WFhdU= ansible@mango",
            "storage": "",
            "storage_type": "",
            "tablet": true,
            "tags": "",
            "target_node": "proxmox",
            "timeouts": null,
            "unused_disk": [],
            "vcpus": 0,
            "vga": [],
            "vlan": -1,
            "vmid": null
          },
          "sensitive_attributes": [],
          "private": "eyJlMmJmYjczMC1lY2FhLTExZTYtOGY4OC0zNDM2M2JjN2M0YzAiOnsiY3JlYXRlIjozMDAwMDAwMDAwMDAsImRlZmF1bHQiOjMwMDAwMDAwMDAwMCwiZGVsZXRlIjoxODAwMDAwMDAwMDAsInJlYWQiOjE4MDAwMDAwMDAwMCwidXBkYXRlIjoxODAwMDAwMDAwMDB9fQ=="
        },
        {
          "index_key": 1,
          "schema_version": 0,
          "attributes": {
            "additional_wait": 0,
            "agent": 1,
            "args": "",
            "balloon": 0,
            "bios": "seabios",
            "boot": "c",
            "bootdisk": "scsi0",
            "bridge": "",
            "ci_wait": null,
            "cicustom": "user=local:snippets/user_data_cloud_init_deb10_vm-01.yml",
            "cipassword": "",
            "ciuser": "ansible",
            "clone": "VM 9000",
            "clone_wait": 0,
            "cloudinit_cdrom_storage": null,
            "cores": 1,
            "cpu": "host",
            "default_ipv4_address": "192.168.100.1",
            "define_connection_info": true,
            "desc": "",
            "disk": [
              {
                "backup": 0,
                "cache": "none",
                "discard": "",
                "file": "vm-100-disk-0",
                "format": "",
                "iothread": 0,
                "mbps": 0,
                "mbps_rd": 0,
                "mbps_rd_max": 0,
                "mbps_wr": 0,
                "mbps_wr_max": 0,
                "media": "",
                "replicate": 0,
                "size": "9420M",
                "slot": 0,
                "ssd": 0,
                "storage": "local-lvm",
                "storage_type": "lvmthin",
                "type": "scsi",
                "volume": "local-lvm:vm-100-disk-0"
              }
            ],
            "disk_gb": 0,
            "force_create": false,
            "force_recreate_on_change_of": null,
            "full_clone": true,
            "guest_agent_ready_timeout": 100,
            "hagroup": "",
            "hastate": "",
            "hotplug": "network,disk,usb",
            "id": "proxmox/qemu/100",
            "ipconfig0": "ip=192.168.100.1/16,gw=192.168.1.1",
            "ipconfig1": "",
            "ipconfig2": "",
            "ipconfig3": "",
            "ipconfig4": "",
            "ipconfig5": "",
            "iso": null,
            "kvm": true,
            "mac": "",
            "memory": 2048,
            "name": "n1",
            "nameserver": "",
            "network": [
              {
                "bridge": "vmbr1",
                "firewall": false,
                "link_down": false,
                "macaddr": "86:57:5A:45:65:2B",
                "model": "virtio",
                "queues": 0,
                "rate": 0,
                "tag": -1
              }
            ],
            "nic": "",
            "numa": false,
            "onboot": false,
            "oncreate": true,
            "os_network_config": null,
            "os_type": "cloud-init",
            "pool": "",
            "preprovision": true,
            "qemu_os": "other",
            "reboot_required": false,
            "scsihw": "virtio-scsi-pci",
            "searchdomain": "",
            "serial": [],
            "sockets": 1,
            "ssh_forward_ip": null,
            "ssh_host": "192.168.100.1",
            "ssh_port": "22",
            "ssh_private_key": null,
            "ssh_user": null,
            "sshkeys": "ssh-rsa AAAAB3NzaC1yc2EAAAADAQABAAABgQCulL4Ynz3XRt6n86iRhS8aOhk+BeqhetouE1vhpk2FIHgAtePEO2Tg2qnqDt2Z0l8dFwqqADDuyJFp0PIufuwwZIrG9LVlSlhnDNvFZFxqVJkR39027HaFg+r0Ul7WDOz9e2oJ6Rly1YxvfPoPjPBA2dgGtT/FVbzR7qOblSSSwB1Gkz6QJamNYPFBFRRiaR+eJrZzKXzigUG6+8GeaOBusiFD0gVWjh9fsKCj08zJFHfh6KPzVgO0ezeK4FxqZQfh7ebIV4JglH2O3JSystyaVnTkin5JDyrOtLN/3feidyUDMd0KtoKNNTTPvG9NReRvaya3ITH09k0re8UcXoUX7lfcxYVvrLNxsqVVkQaOx/9koReNJJCDQxM4awZrQ8OLQfFDfXW8Kf/SH+X3kvIbJSHzdVJ6J1SD4f9w/bC0Yt3MEG7DpDJLlUQbULRMma+sHLlO29AY38Hs01ic5E+cPkhEzBVQi2aEqUohK2JDgsbuOIAKAcWjTGwZ+1WFhdU= ansible@mango",
            "storage": "",
            "storage_type": "",
            "tablet": true,
            "tags": "",
            "target_node": "proxmox",
            "timeouts": null,
            "unused_disk": [],
            "vcpus": 0,
            "vga": [],
            "vlan": -1,
            "vmid": null
          },
          "sensitive_attributes": [],
          "private": "eyJlMmJmYjczMC1lY2FhLTExZTYtOGY4OC0zNDM2M2JjN2M0YzAiOnsiY3JlYXRlIjozMDAwMDAwMDAwMDAsImRlZmF1bHQiOjMwMDAwMDAwMDAwMCwiZGVsZXRlIjoxODAwMDAwMDAwMDAsInJlYWQiOjE4MDAwMDAwMDAwMCwidXBkYXRlIjoxODAwMDAwMDAwMDB9fQ=="
        },
        {
          "index_key": 2,
          "schema_version": 0,
          "attributes": {
            "additional_wait": 0,
            "agent": 1,
            "args": "",
            "balloon": 0,
            "bios": "seabios",
            "boot": "c",
            "bootdisk": "scsi0",
            "bridge": "",
            "ci_wait": null,
            "cicustom": "user=local:snippets/user_data_cloud_init_deb10_vm-01.yml",
            "cipassword": "",
            "ciuser": "ansible",
            "clone": "VM 9000",
            "clone_wait": 0,
            "cloudinit_cdrom_storage": null,
            "cores": 1,
            "cpu": "host",
            "default_ipv4_address": "192.168.100.2",
            "define_connection_info": true,
            "desc": "",
            "disk": [
              {
                "backup": 0,
                "cache": "none",
                "discard": "",
                "file": "vm-101-disk-0",
                "format": "",
                "iothread": 0,
                "mbps": 0,
                "mbps_rd": 0,
                "mbps_rd_max": 0,
                "mbps_wr": 0,
                "mbps_wr_max": 0,
                "media": "",
                "replicate": 0,
                "size": "9420M",
                "slot": 0,
                "ssd": 0,
                "storage": "local-lvm",
                "storage_type": "lvmthin",
                "type": "scsi",
                "volume": "local-lvm:vm-101-disk-0"
              }
            ],
            "disk_gb": 0,
            "force_create": false,
            "force_recreate_on_change_of": null,
            "full_clone": true,
            "guest_agent_ready_timeout": 100,
            "hagroup": "",
            "hastate": "",
            "hotplug": "network,disk,usb",
            "id": "proxmox/qemu/101",
            "ipconfig0": "ip=192.168.100.2/16,gw=192.168.1.1",
            "ipconfig1": "",
            "ipconfig2": "",
            "ipconfig3": "",
            "ipconfig4": "",
            "ipconfig5": "",
            "iso": null,
            "kvm": true,
            "mac": "",
            "memory": 2048,
            "name": "n2",
            "nameserver": "",
            "network": [
              {
                "bridge": "vmbr1",
                "firewall": false,
                "link_down": false,
                "macaddr": "2E:7D:78:15:21:D3",
                "model": "virtio",
                "queues": 0,
                "rate": 0,
                "tag": -1
              }
            ],
            "nic": "",
            "numa": false,
            "onboot": false,
            "oncreate": true,
            "os_network_config": null,
            "os_type": "cloud-init",
            "pool": "",
            "preprovision": true,
            "qemu_os": "other",
            "reboot_required": false,
            "scsihw": "virtio-scsi-pci",
            "searchdomain": "",
            "serial": [],
            "sockets": 1,
            "ssh_forward_ip": null,
            "ssh_host": "192.168.100.2",
            "ssh_port": "22",
            "ssh_private_key": null,
            "ssh_user": null,
            "sshkeys": "ssh-rsa AAAAB3NzaC1yc2EAAAADAQABAAABgQCulL4Ynz3XRt6n86iRhS8aOhk+BeqhetouE1vhpk2FIHgAtePEO2Tg2qnqDt2Z0l8dFwqqADDuyJFp0PIufuwwZIrG9LVlSlhnDNvFZFxqVJkR39027HaFg+r0Ul7WDOz9e2oJ6Rly1YxvfPoPjPBA2dgGtT/FVbzR7qOblSSSwB1Gkz6QJamNYPFBFRRiaR+eJrZzKXzigUG6+8GeaOBusiFD0gVWjh9fsKCj08zJFHfh6KPzVgO0ezeK4FxqZQfh7ebIV4JglH2O3JSystyaVnTkin5JDyrOtLN/3feidyUDMd0KtoKNNTTPvG9NReRvaya3ITH09k0re8UcXoUX7lfcxYVvrLNxsqVVkQaOx/9koReNJJCDQxM4awZrQ8OLQfFDfXW8Kf/SH+X3kvIbJSHzdVJ6J1SD4f9w/bC0Yt3MEG7DpDJLlUQbULRMma+sHLlO29AY38Hs01ic5E+cPkhEzBVQi2aEqUohK2JDgsbuOIAKAcWjTGwZ+1WFhdU= ansible@mango",
            "storage": "",
            "storage_type": "",
            "tablet": true,
            "tags": "",
            "target_node": "proxmox",
            "timeouts": null,
            "unused_disk": [],
            "vcpus": 0,
            "vga": [],
            "vlan": -1,
            "vmid": null
          },
          "sensitive_attributes": [],
          "private": "eyJlMmJmYjczMC1lY2FhLTExZTYtOGY4OC0zNDM2M2JjN2M0YzAiOnsiY3JlYXRlIjozMDAwMDAwMDAwMDAsImRlZmF1bHQiOjMwMDAwMDAwMDAwMCwiZGVsZXRlIjoxODAwMDAwMDAwMDAsInJlYWQiOjE4MDAwMDAwMDAwMCwidXBkYXRlIjoxODAwMDAwMDAwMDB9fQ=="
        },
        {
          "index_key": 3,
          "schema_version": 0,
          "attributes": {
            "additional_wait": 0,
            "agent": 1,
            "args": "",
            "balloon": 0,
            "bios": "seabios",
            "boot": "c",
            "bootdisk": "scsi0",
            "bridge": "",
            "ci_wait": null,
            "cicustom": "user=local:snippets/user_data_cloud_init_deb10_vm-01.yml",
            "cipassword": "",
            "ciuser": "ansible",
            "clone": "VM 9000",
            "clone_wait": 0,
            "cloudinit_cdrom_storage": null,
            "cores": 1,
            "cpu": "host",
            "default_ipv4_address": "192.168.100.3",
            "define_connection_info": true,
            "desc": "",
            "disk": [
              {
                "backup": 0,
                "cache": "none",
                "discard": "",
                "file": "vm-102-disk-0",
                "format": "",
                "iothread": 0,
                "mbps": 0,
                "mbps_rd": 0,
                "mbps_rd_max": 0,
                "mbps_wr": 0,
                "mbps_wr_max": 0,
                "media": "",
                "replicate": 0,
                "size": "9420M",
                "slot": 0,
                "ssd": 0,
                "storage": "local-lvm",
                "storage_type": "lvmthin",
                "type": "scsi",
                "volume": "local-lvm:vm-102-disk-0"
              }
            ],
            "disk_gb": 0,
            "force_create": false,
            "force_recreate_on_change_of": null,
            "full_clone": true,
            "guest_agent_ready_timeout": 100,
            "hagroup": "",
            "hastate": "",
            "hotplug": "network,disk,usb",
            "id": "proxmox/qemu/102",
            "ipconfig0": "ip=192.168.100.3/16,gw=192.168.1.1",
            "ipconfig1": "",
            "ipconfig2": "",
            "ipconfig3": "",
            "ipconfig4": "",
            "ipconfig5": "",
            "iso": null,
            "kvm": true,
            "mac": "",
            "memory": 2048,
            "name": "n3",
            "nameserver": "",
            "network": [
              {
                "bridge": "vmbr1",
                "firewall": false,
                "link_down": false,
                "macaddr": "D6:7D:3F:3D:B0:3B",
                "model": "virtio",
                "queues": 0,
                "rate": 0,
                "tag": -1
              }
            ],
            "nic": "",
            "numa": false,
            "onboot": false,
            "oncreate": true,
            "os_network_config": null,
            "os_type": "cloud-init",
            "pool": "",
            "preprovision": true,
            "qemu_os": "other",
            "reboot_required": false,
            "scsihw": "virtio-scsi-pci",
            "searchdomain": "",
            "serial": [],
            "sockets": 1,
            "ssh_forward_ip": null,
            "ssh_host": "192.168.100.3",
            "ssh_port": "22",
            "ssh_private_key": null,
            "ssh_user": null,
            "sshkeys": "ssh-rsa AAAAB3NzaC1yc2EAAAADAQABAAABgQCulL4Ynz3XRt6n86iRhS8aOhk+BeqhetouE1vhpk2FIHgAtePEO2Tg2qnqDt2Z0l8dFwqqADDuyJFp0PIufuwwZIrG9LVlSlhnDNvFZFxqVJkR39027HaFg+r0Ul7WDOz9e2oJ6Rly1YxvfPoPjPBA2dgGtT/FVbzR7qOblSSSwB1Gkz6QJamNYPFBFRRiaR+eJrZzKXzigUG6+8GeaOBusiFD0gVWjh9fsKCj08zJFHfh6KPzVgO0ezeK4FxqZQfh7ebIV4JglH2O3JSystyaVnTkin5JDyrOtLN/3feidyUDMd0KtoKNNTTPvG9NReRvaya3ITH09k0re8UcXoUX7lfcxYVvrLNxsqVVkQaOx/9koReNJJCDQxM4awZrQ8OLQfFDfXW8Kf/SH+X3kvIbJSHzdVJ6J1SD4f9w/bC0Yt3MEG7DpDJLlUQbULRMma+sHLlO29AY38Hs01ic5E+cPkhEzBVQi2aEqUohK2JDgsbuOIAKAcWjTGwZ+1WFhdU= ansible@mango",
            "storage": "",
            "storage_type": "",
            "tablet": true,
            "tags": "",
            "target_node": "proxmox",
            "timeouts": null,
            "unused_disk": [],
            "vcpus": 0,
            "vga": [],
            "vlan": -1,
            "vmid": null
          },
          "sensitive_attributes": [],
          "private": "eyJlMmJmYjczMC1lY2FhLTExZTYtOGY4OC0zNDM2M2JjN2M0YzAiOnsiY3JlYXRlIjozMDAwMDAwMDAwMDAsImRlZmF1bHQiOjMwMDAwMDAwMDAwMCwiZGVsZXRlIjoxODAwMDAwMDAwMDAsInJlYWQiOjE4MDAwMDAwMDAwMCwidXBkYXRlIjoxODAwMDAwMDAwMDB9fQ=="
        },
        {
          "index_key": 4,
          "schema_version": 0,
          "attributes": {
            "additional_wait": 0,
            "agent": 1,
            "args": "",
            "balloon": 0,
            "bios": "seabios",
            "boot": "c",
            "bootdisk": "scsi0",
            "bridge": "",
            "ci_wait": null,
            "cicustom": "user=local:snippets/user_data_cloud_init_deb10_vm-01.yml",
            "cipassword": "",
            "ciuser": "ansible",
            "clone": "VM 9000",
            "clone_wait": 0,
            "cloudinit_cdrom_storage": null,
            "cores": 1,
            "cpu": "host",
            "default_ipv4_address": "192.168.100.4",
            "define_connection_info": true,
            "desc": "",
            "disk": [
              {
                "backup": 0,
                "cache": "none",
                "discard": "",
                "file": "vm-105-disk-0",
                "format": "",
                "iothread": 0,
                "mbps": 0,
                "mbps_rd": 0,
                "mbps_rd_max": 0,
                "mbps_wr": 0,
                "mbps_wr_max": 0,
                "media": "",
                "replicate": 0,
                "size": "9420M",
                "slot": 0,
                "ssd": 0,
                "storage": "local-lvm",
                "storage_type": "lvmthin",
                "type": "scsi",
                "volume": "local-lvm:vm-105-disk-0"
              }
            ],
            "disk_gb": 0,
            "force_create": false,
            "force_recreate_on_change_of": null,
            "full_clone": true,
            "guest_agent_ready_timeout": 100,
            "hagroup": "",
            "hastate": "",
            "hotplug": "network,disk,usb",
            "id": "proxmox/qemu/105",
            "ipconfig0": "ip=192.168.100.4/16,gw=192.168.1.1",
            "ipconfig1": "",
            "ipconfig2": "",
            "ipconfig3": "",
            "ipconfig4": "",
            "ipconfig5": "",
            "iso": null,
            "kvm": true,
            "mac": "",
            "memory": 2048,
            "name": "n4",
            "nameserver": "",
            "network": [
              {
                "bridge": "vmbr1",
                "firewall": false,
                "link_down": false,
                "macaddr": "C6:71:14:17:03:D0",
                "model": "virtio",
                "queues": 0,
                "rate": 0,
                "tag": -1
              }
            ],
            "nic": "",
            "numa": false,
            "onboot": false,
            "oncreate": true,
            "os_network_config": null,
            "os_type": "cloud-init",
            "pool": "",
            "preprovision": true,
            "qemu_os": "other",
            "reboot_required": false,
            "scsihw": "virtio-scsi-pci",
            "searchdomain": "",
            "serial": [],
            "sockets": 1,
            "ssh_forward_ip": null,
            "ssh_host": "192.168.100.4",
            "ssh_port": "22",
            "ssh_private_key": null,
            "ssh_user": null,
            "sshkeys": "ssh-rsa AAAAB3NzaC1yc2EAAAADAQABAAABgQCulL4Ynz3XRt6n86iRhS8aOhk+BeqhetouE1vhpk2FIHgAtePEO2Tg2qnqDt2Z0l8dFwqqADDuyJFp0PIufuwwZIrG9LVlSlhnDNvFZFxqVJkR39027HaFg+r0Ul7WDOz9e2oJ6Rly1YxvfPoPjPBA2dgGtT/FVbzR7qOblSSSwB1Gkz6QJamNYPFBFRRiaR+eJrZzKXzigUG6+8GeaOBusiFD0gVWjh9fsKCj08zJFHfh6KPzVgO0ezeK4FxqZQfh7ebIV4JglH2O3JSystyaVnTkin5JDyrOtLN/3feidyUDMd0KtoKNNTTPvG9NReRvaya3ITH09k0re8UcXoUX7lfcxYVvrLNxsqVVkQaOx/9koReNJJCDQxM4awZrQ8OLQfFDfXW8Kf/SH+X3kvIbJSHzdVJ6J1SD4f9w/bC0Yt3MEG7DpDJLlUQbULRMma+sHLlO29AY38Hs01ic5E+cPkhEzBVQi2aEqUohK2JDgsbuOIAKAcWjTGwZ+1WFhdU= ansible@mango",
            "storage": "",
            "storage_type": "",
            "tablet": true,
            "tags": "",
            "target_node": "proxmox",
            "timeouts": null,
            "unused_disk": [],
            "vcpus": 0,
            "vga": [],
            "vlan": -1,
            "vmid": null
          },
          "sensitive_attributes": [],
          "private": "eyJlMmJmYjczMC1lY2FhLTExZTYtOGY4OC0zNDM2M2JjN2M0YzAiOnsiY3JlYXRlIjozMDAwMDAwMDAwMDAsImRlZmF1bHQiOjMwMDAwMDAwMDAwMCwiZGVsZXRlIjoxODAwMDAwMDAwMDAsInJlYWQiOjE4MDAwMDAwMDAwMCwidXBkYXRlIjoxODAwMDAwMDAwMDB9fQ=="
        },
        {
          "index_key": 5,
          "schema_version": 0,
          "attributes": {
            "additional_wait": 0,
            "agent": 1,
            "args": "",
            "balloon": 0,
            "bios": "seabios",
            "boot": "c",
            "bootdisk": "scsi0",
            "bridge": "",
            "ci_wait": null,
            "cicustom": "user=local:snippets/user_data_cloud_init_deb10_vm-01.yml",
            "cipassword": "",
            "ciuser": "ansible",
            "clone": "VM 9000",
            "clone_wait": 0,
            "cloudinit_cdrom_storage": null,
            "cores": 1,
            "cpu": "host",
            "default_ipv4_address": "192.168.100.5",
            "define_connection_info": true,
            "desc": "",
            "disk": [
              {
                "backup": 0,
                "cache": "none",
                "discard": "",
                "file": "vm-104-disk-0",
                "format": "",
                "iothread": 0,
                "mbps": 0,
                "mbps_rd": 0,
                "mbps_rd_max": 0,
                "mbps_wr": 0,
                "mbps_wr_max": 0,
                "media": "",
                "replicate": 0,
                "size": "9420M",
                "slot": 0,
                "ssd": 0,
                "storage": "local-lvm",
                "storage_type": "lvmthin",
                "type": "scsi",
                "volume": "local-lvm:vm-104-disk-0"
              }
            ],
            "disk_gb": 0,
            "force_create": false,
            "force_recreate_on_change_of": null,
            "full_clone": true,
            "guest_agent_ready_timeout": 100,
            "hagroup": "",
            "hastate": "",
            "hotplug": "network,disk,usb",
            "id": "proxmox/qemu/104",
            "ipconfig0": "ip=192.168.100.5/16,gw=192.168.1.1",
            "ipconfig1": "",
            "ipconfig2": "",
            "ipconfig3": "",
            "ipconfig4": "",
            "ipconfig5": "",
            "iso": null,
            "kvm": true,
            "mac": "",
            "memory": 2048,
            "name": "n5",
            "nameserver": "",
            "network": [
              {
                "bridge": "vmbr1",
                "firewall": false,
                "link_down": false,
                "macaddr": "FA:46:38:D8:32:BE",
                "model": "virtio",
                "queues": 0,
                "rate": 0,
                "tag": -1
              }
            ],
            "nic": "",
            "numa": false,
            "onboot": false,
            "oncreate": true,
            "os_network_config": null,
            "os_type": "cloud-init",
            "pool": "",
            "preprovision": true,
            "qemu_os": "other",
            "reboot_required": false,
            "scsihw": "virtio-scsi-pci",
            "searchdomain": "",
            "serial": [],
            "sockets": 1,
            "ssh_forward_ip": null,
            "ssh_host": "192.168.100.5",
            "ssh_port": "22",
            "ssh_private_key": null,
            "ssh_user": null,
            "sshkeys": "ssh-rsa AAAAB3NzaC1yc2EAAAADAQABAAABgQCulL4Ynz3XRt6n86iRhS8aOhk+BeqhetouE1vhpk2FIHgAtePEO2Tg2qnqDt2Z0l8dFwqqADDuyJFp0PIufuwwZIrG9LVlSlhnDNvFZFxqVJkR39027HaFg+r0Ul7WDOz9e2oJ6Rly1YxvfPoPjPBA2dgGtT/FVbzR7qOblSSSwB1Gkz6QJamNYPFBFRRiaR+eJrZzKXzigUG6+8GeaOBusiFD0gVWjh9fsKCj08zJFHfh6KPzVgO0ezeK4FxqZQfh7ebIV4JglH2O3JSystyaVnTkin5JDyrOtLN/3feidyUDMd0KtoKNNTTPvG9NReRvaya3ITH09k0re8UcXoUX7lfcxYVvrLNxsqVVkQaOx/9koReNJJCDQxM4awZrQ8OLQfFDfXW8Kf/SH+X3kvIbJSHzdVJ6J1SD4f9w/bC0Yt3MEG7DpDJLlUQbULRMma+sHLlO29AY38Hs01ic5E+cPkhEzBVQi2aEqUohK2JDgsbuOIAKAcWjTGwZ+1WFhdU= ansible@mango",
            "storage": "",
            "storage_type": "",
            "tablet": true,
            "tags": "",
            "target_node": "proxmox",
            "timeouts": null,
            "unused_disk": [],
            "vcpus": 0,
            "vga": [],
            "vlan": -1,
            "vmid": null
          },
          "sensitive_attributes": [],
          "private": "eyJlMmJmYjczMC1lY2FhLTExZTYtOGY4OC0zNDM2M2JjN2M0YzAiOnsiY3JlYXRlIjozMDAwMDAwMDAwMDAsImRlZmF1bHQiOjMwMDAwMDAwMDAwMCwiZGVsZXRlIjoxODAwMDAwMDAwMDAsInJlYWQiOjE4MDAwMDAwMDAwMCwidXBkYXRlIjoxODAwMDAwMDAwMDB9fQ=="
        },
        {
          "index_key": 6,
          "schema_version": 0,
          "attributes": {
            "additional_wait": 0,
            "agent": 1,
            "args": "",
            "balloon": 0,
            "bios": "seabios",
            "boot": "c",
            "bootdisk": "scsi0",
            "bridge": "",
            "ci_wait": null,
            "cicustom": "user=local:snippets/user_data_cloud_init_deb10_vm-01.yml",
            "cipassword": "",
            "ciuser": "ansible",
            "clone": "VM 9000",
            "clone_wait": 0,
            "cloudinit_cdrom_storage": null,
            "cores": 1,
            "cpu": "host",
            "default_ipv4_address": "192.168.100.6",
            "define_connection_info": true,
            "desc": "",
            "disk": [
              {
                "backup": 0,
                "cache": "none",
                "discard": "",
                "file": "vm-107-disk-0",
                "format": "",
                "iothread": 0,
                "mbps": 0,
                "mbps_rd": 0,
                "mbps_rd_max": 0,
                "mbps_wr": 0,
                "mbps_wr_max": 0,
                "media": "",
                "replicate": 0,
                "size": "9420M",
                "slot": 0,
                "ssd": 0,
                "storage": "local-lvm",
                "storage_type": "lvmthin",
                "type": "scsi",
                "volume": "local-lvm:vm-107-disk-0"
              }
            ],
            "disk_gb": 0,
            "force_create": false,
            "force_recreate_on_change_of": null,
            "full_clone": true,
            "guest_agent_ready_timeout": 100,
            "hagroup": "",
            "hastate": "",
            "hotplug": "network,disk,usb",
            "id": "proxmox/qemu/107",
            "ipconfig0": "ip=192.168.100.6/16,gw=192.168.1.1",
            "ipconfig1": "",
            "ipconfig2": "",
            "ipconfig3": "",
            "ipconfig4": "",
            "ipconfig5": "",
            "iso": null,
            "kvm": true,
            "mac": "",
            "memory": 2048,
            "name": "n6",
            "nameserver": "",
            "network": [
              {
                "bridge": "vmbr1",
                "firewall": false,
                "link_down": false,
                "macaddr": "06:16:0D:5A:50:45",
                "model": "virtio",
                "queues": 0,
                "rate": 0,
                "tag": -1
              }
            ],
            "nic": "",
            "numa": false,
            "onboot": false,
            "oncreate": true,
            "os_network_config": null,
            "os_type": "cloud-init",
            "pool": "",
            "preprovision": true,
            "qemu_os": "other",
            "reboot_required": false,
            "scsihw": "virtio-scsi-pci",
            "searchdomain": "",
            "serial": [],
            "sockets": 1,
            "ssh_forward_ip": null,
            "ssh_host": "192.168.100.6",
            "ssh_port": "22",
            "ssh_private_key": null,
            "ssh_user": null,
            "sshkeys": "ssh-rsa AAAAB3NzaC1yc2EAAAADAQABAAABgQCulL4Ynz3XRt6n86iRhS8aOhk+BeqhetouE1vhpk2FIHgAtePEO2Tg2qnqDt2Z0l8dFwqqADDuyJFp0PIufuwwZIrG9LVlSlhnDNvFZFxqVJkR39027HaFg+r0Ul7WDOz9e2oJ6Rly1YxvfPoPjPBA2dgGtT/FVbzR7qOblSSSwB1Gkz6QJamNYPFBFRRiaR+eJrZzKXzigUG6+8GeaOBusiFD0gVWjh9fsKCj08zJFHfh6KPzVgO0ezeK4FxqZQfh7ebIV4JglH2O3JSystyaVnTkin5JDyrOtLN/3feidyUDMd0KtoKNNTTPvG9NReRvaya3ITH09k0re8UcXoUX7lfcxYVvrLNxsqVVkQaOx/9koReNJJCDQxM4awZrQ8OLQfFDfXW8Kf/SH+X3kvIbJSHzdVJ6J1SD4f9w/bC0Yt3MEG7DpDJLlUQbULRMma+sHLlO29AY38Hs01ic5E+cPkhEzBVQi2aEqUohK2JDgsbuOIAKAcWjTGwZ+1WFhdU= ansible@mango",
            "storage": "",
            "storage_type": "",
            "tablet": true,
            "tags": "",
            "target_node": "proxmox",
            "timeouts": null,
            "unused_disk": [],
            "vcpus": 0,
            "vga": [],
            "vlan": -1,
            "vmid": null
          },
          "sensitive_attributes": [],
          "private": "eyJlMmJmYjczMC1lY2FhLTExZTYtOGY4OC0zNDM2M2JjN2M0YzAiOnsiY3JlYXRlIjozMDAwMDAwMDAwMDAsImRlZmF1bHQiOjMwMDAwMDAwMDAwMCwiZGVsZXRlIjoxODAwMDAwMDAwMDAsInJlYWQiOjE4MDAwMDAwMDAwMCwidXBkYXRlIjoxODAwMDAwMDAwMDB9fQ=="
        },
        {
          "index_key": 7,
          "schema_version": 0,
          "attributes": {
            "additional_wait": 0,
            "agent": 1,
            "args": "",
            "balloon": 0,
            "bios": "seabios",
            "boot": "c",
            "bootdisk": "scsi0",
            "bridge": "",
            "ci_wait": null,
            "cicustom": "user=local:snippets/user_data_cloud_init_deb10_vm-01.yml",
            "cipassword": "",
            "ciuser": "ansible",
            "clone": "VM 9000",
            "clone_wait": 0,
            "cloudinit_cdrom_storage": null,
            "cores": 1,
            "cpu": "host",
            "default_ipv4_address": "192.168.100.7",
            "define_connection_info": true,
            "desc": "",
            "disk": [
              {
                "backup": 0,
                "cache": "none",
                "discard": "",
                "file": "vm-106-disk-0",
                "format": "",
                "iothread": 0,
                "mbps": 0,
                "mbps_rd": 0,
                "mbps_rd_max": 0,
                "mbps_wr": 0,
                "mbps_wr_max": 0,
                "media": "",
                "replicate": 0,
                "size": "9420M",
                "slot": 0,
                "ssd": 0,
                "storage": "local-lvm",
                "storage_type": "lvmthin",
                "type": "scsi",
                "volume": "local-lvm:vm-106-disk-0"
              }
            ],
            "disk_gb": 0,
            "force_create": false,
            "force_recreate_on_change_of": null,
            "full_clone": true,
            "guest_agent_ready_timeout": 100,
            "hagroup": "",
            "hastate": "",
            "hotplug": "network,disk,usb",
            "id": "proxmox/qemu/106",
            "ipconfig0": "ip=192.168.100.7/16,gw=192.168.1.1",
            "ipconfig1": "",
            "ipconfig2": "",
            "ipconfig3": "",
            "ipconfig4": "",
            "ipconfig5": "",
            "iso": null,
            "kvm": true,
            "mac": "",
            "memory": 2048,
            "name": "n7",
            "nameserver": "",
            "network": [
              {
                "bridge": "vmbr1",
                "firewall": false,
                "link_down": false,
                "macaddr": "36:00:A7:B3:A4:A2",
                "model": "virtio",
                "queues": 0,
                "rate": 0,
                "tag": -1
              }
            ],
            "nic": "",
            "numa": false,
            "onboot": false,
            "oncreate": true,
            "os_network_config": null,
            "os_type": "cloud-init",
            "pool": "",
            "preprovision": true,
            "qemu_os": "other",
            "reboot_required": false,
            "scsihw": "virtio-scsi-pci",
            "searchdomain": "",
            "serial": [],
            "sockets": 1,
            "ssh_forward_ip": null,
            "ssh_host": "192.168.100.7",
            "ssh_port": "22",
            "ssh_private_key": null,
            "ssh_user": null,
            "sshkeys": "ssh-rsa AAAAB3NzaC1yc2EAAAADAQABAAABgQCulL4Ynz3XRt6n86iRhS8aOhk+BeqhetouE1vhpk2FIHgAtePEO2Tg2qnqDt2Z0l8dFwqqADDuyJFp0PIufuwwZIrG9LVlSlhnDNvFZFxqVJkR39027HaFg+r0Ul7WDOz9e2oJ6Rly1YxvfPoPjPBA2dgGtT/FVbzR7qOblSSSwB1Gkz6QJamNYPFBFRRiaR+eJrZzKXzigUG6+8GeaOBusiFD0gVWjh9fsKCj08zJFHfh6KPzVgO0ezeK4FxqZQfh7ebIV4JglH2O3JSystyaVnTkin5JDyrOtLN/3feidyUDMd0KtoKNNTTPvG9NReRvaya3ITH09k0re8UcXoUX7lfcxYVvrLNxsqVVkQaOx/9koReNJJCDQxM4awZrQ8OLQfFDfXW8Kf/SH+X3kvIbJSHzdVJ6J1SD4f9w/bC0Yt3MEG7DpDJLlUQbULRMma+sHLlO29AY38Hs01ic5E+cPkhEzBVQi2aEqUohK2JDgsbuOIAKAcWjTGwZ+1WFhdU= ansible@mango",
            "storage": "",
            "storage_type": "",
            "tablet": true,
            "tags": "",
            "target_node": "proxmox",
            "timeouts": null,
            "unused_disk": [],
            "vcpus": 0,
            "vga": [],
            "vlan": -1,
            "vmid": null
          },
          "sensitive_attributes": [],
          "private": "eyJlMmJmYjczMC1lY2FhLTExZTYtOGY4OC0zNDM2M2JjN2M0YzAiOnsiY3JlYXRlIjozMDAwMDAwMDAwMDAsImRlZmF1bHQiOjMwMDAwMDAwMDAwMCwiZGVsZXRlIjoxODAwMDAwMDAwMDAsInJlYWQiOjE4MDAwMDAwMDAwMCwidXBkYXRlIjoxODAwMDAwMDAwMDB9fQ=="
        }
      ]
    }
  ]
}
